
Microsoft Visual Studio Solution File, Format Version 12.00
# Visual Studio Version 16
VisualStudioVersion = 16.0.29709.97
MinimumVisualStudioVersion = 10.0.40219.1
Project("{FAE04EC0-301F-11D3-BF4B-00C04F79EFBC}") = "PP_03_1", "PP_03_1\PP_03_1.csproj", "{5041C446-5618-4610-99A5-7EE7116D5350}"
EndProject
Global
	GlobalSection(SolutionConfigurationPlatforms) = preSolution
		Debug|Any CPU = Debug|Any CPU
		Release|Any CPU = Release|Any CPU
	EndGlobalSection
	GlobalSection(ProjectConfigurationPlatforms) = postSolution
		{5041C446-5618-4610-99A5-7EE7116D5350}.Debug|Any CPU.ActiveCfg = Debug|Any CPU
		{5041C446-5618-4610-99A5-7EE7116D5350}.Debug|Any CPU.Build.0 = Debug|Any CPU
		{5041C446-5618-4610-99A5-7EE7116D5350}.Release|Any CPU.ActiveCfg = Release|Any CPU
		{5041C446-5618-4610-99A5-7EE7116D5350}.Release|Any CPU.Build.0 = Release|Any CPU
	EndGlobalSection
	GlobalSection(SolutionProperties) = preSolution
		HideSolutionNode = FALSE
	EndGlobalSection
	GlobalSection(ExtensibilityGlobals) = postSolution
		SolutionGuid = {44FFBB73-FF19-4007-A21D-52523C9E07FA}
	EndGlobalSection
EndGlobal
